
Microsoft Visual Studio Solution File, Format Version 12.00
# Visual Studio Version 17
VisualStudioVersion = 17.1.32228.430
MinimumVisualStudioVersion = 10.0.40219.1
Project("{9A19103F-16F7-4668-BE54-9A1E7A4F7556}") = "GNPMAzureFunctions", "GNPMAzureFunctions\GNPMAzureFunctions.csproj", "{D94C56CD-69F6-47EA-B2AE-53DC5FA4BA4C}"
EndProject
Global
	GlobalSection(SolutionConfigurationPlatforms) = preSolution
		Debug|Any CPU = Debug|Any CPU
		Release|Any CPU = Release|Any CPU
	EndGlobalSection
	GlobalSection(ProjectConfigurationPlatforms) = postSolution
		{D94C56CD-69F6-47EA-B2AE-53DC5FA4BA4C}.Debug|Any CPU.ActiveCfg = Debug|Any CPU
		{D94C56CD-69F6-47EA-B2AE-53DC5FA4BA4C}.Debug|Any CPU.Build.0 = Debug|Any CPU
		{D94C56CD-69F6-47EA-B2AE-53DC5FA4BA4C}.Release|Any CPU.ActiveCfg = Release|Any CPU
		{D94C56CD-69F6-47EA-B2AE-53DC5FA4BA4C}.Release|Any CPU.Build.0 = Release|Any CPU
	EndGlobalSection
	GlobalSection(SolutionProperties) = preSolution
		HideSolutionNode = FALSE
	EndGlobalSection
	GlobalSection(ExtensibilityGlobals) = postSolution
		SolutionGuid = {3808C4B7-FA0E-43AF-9601-21B513F29650}
	EndGlobalSection
EndGlobal
